// !$*UTF8*$!
{
	archiveVersion = 1;
	classes = {
	};
	objectVersion = 56;
	objects = {

/* Begin PBXFileReference section */
		1A6E29FE2B9DDB72006C068C /* test.playground */ = {isa = PBXFileReference; lastKnownFileType = file.playground; path = test.playground; sourceTree = "<group>"; xcLanguageSpecificationIdentifier = xcode.lang.swift; };
/* End PBXFileReference section */

/* Begin PBXGroup section */
		1A6E29F72B9DDB63006C068C = {
			isa = PBXGroup;
			children = (
				1A6E29FE2B9DDB72006C068C /* test.playground */,
			);
			sourceTree = "<group>";
		};
/* End PBXGroup section */

/* Begin PBXProject section */
		1A6E29F82B9DDB63006C068C /* Project object */ = {
			isa = PBXProject;
			attributes = {
				BuildIndependentTargetsInParallel = 1;
				LastUpgradeCheck = 1520;
			};
			buildConfigurationList = 1A6E29FB2B9DDB63006C068C /* Build configuration list for PBXProject "projectA" */;
			compatibilityVersion = "Xcode 14.0";
			developmentRegion = en;
			hasScannedForEncodings = 0;
			knownRegions = (
				en,
				Base,
			);
			mainGroup = 1A6E29F72B9DDB63006C068C;
			projectDirPath = "";
			projectRoot = "";
			targets = (
			);
		};
/* End PBXProject section */

/* Begin XCBuildConfiguration section */
		1A6E29FC2B9DDB63006C068C /* Debug */ = {
			isa = XCBuildConfiguration;
			buildSettings = {
			};
			name = Debug;
		};
		1A6E29FD2B9DDB63006C068C /* Release */ = {
			isa = XCBuildConfiguration;
			buildSettings = {
			};
			name = Release;
		};
/* End XCBuildConfiguration section */

/* Begin XCConfigurationList section */
		1A6E29FB2B9DDB63006C068C /* Build configuration list for PBXProject "projectA" */ = {
			isa = XCConfigurationList;
			buildConfigurations = (
				1A6E29FC2B9DDB63006C068C /* Debug */,
				1A6E29FD2B9DDB63006C068C /* Release */,
			);
			defaultConfigurationIsVisible = 0;
			defaultConfigurationName = Release;
		};
/* End XCConfigurationList section */
	};
	rootObject = 1A6E29F82B9DDB63006C068C /* Project object */;
}
